
Microsoft Visual Studio Solution File, Format Version 12.00
# Visual Studio Version 17
VisualStudioVersion = 17.5.33627.172
MinimumVisualStudioVersion = 10.0.40219.1
Project("{FAE04EC0-301F-11D3-BF4B-00C04F79EFBC}") = "Day_5-Basic-core-programs", "Day_5-Basic-core-programs\Day_5-Basic-core-programs.csproj", "{50710FF0-12FA-4B06-B3A4-2E89C08E1A84}"
EndProject
Global
	GlobalSection(SolutionConfigurationPlatforms) = preSolution
		Debug|Any CPU = Debug|Any CPU
		Release|Any CPU = Release|Any CPU
	EndGlobalSection
	GlobalSection(ProjectConfigurationPlatforms) = postSolution
		{50710FF0-12FA-4B06-B3A4-2E89C08E1A84}.Debug|Any CPU.ActiveCfg = Debug|Any CPU
		{50710FF0-12FA-4B06-B3A4-2E89C08E1A84}.Debug|Any CPU.Build.0 = Debug|Any CPU
		{50710FF0-12FA-4B06-B3A4-2E89C08E1A84}.Release|Any CPU.ActiveCfg = Release|Any CPU
		{50710FF0-12FA-4B06-B3A4-2E89C08E1A84}.Release|Any CPU.Build.0 = Release|Any CPU
	EndGlobalSection
	GlobalSection(SolutionProperties) = preSolution
		HideSolutionNode = FALSE
	EndGlobalSection
	GlobalSection(ExtensibilityGlobals) = postSolution
		SolutionGuid = {DA622F1B-0992-4F53-863D-3A7758262A4B}
	EndGlobalSection
EndGlobal
